
Microsoft Visual Studio Solution File, Format Version 12.00
# Visual Studio Version 17
VisualStudioVersion = 17.6.33815.320
MinimumVisualStudioVersion = 10.0.40219.1
Project("{FAE04EC0-301F-11D3-BF4B-00C04F79EFBC}") = "ConsoleAppAssignments_1", "ConsoleAppAssignments_1\ConsoleAppAssignments_1.csproj", "{5FCC2B4A-3AAC-4D46-BCBD-43CD92D067B8}"
EndProject
Global
	GlobalSection(SolutionConfigurationPlatforms) = preSolution
		Debug|Any CPU = Debug|Any CPU
		Release|Any CPU = Release|Any CPU
	EndGlobalSection
	GlobalSection(ProjectConfigurationPlatforms) = postSolution
		{5FCC2B4A-3AAC-4D46-BCBD-43CD92D067B8}.Debug|Any CPU.ActiveCfg = Debug|Any CPU
		{5FCC2B4A-3AAC-4D46-BCBD-43CD92D067B8}.Debug|Any CPU.Build.0 = Debug|Any CPU
		{5FCC2B4A-3AAC-4D46-BCBD-43CD92D067B8}.Release|Any CPU.ActiveCfg = Release|Any CPU
		{5FCC2B4A-3AAC-4D46-BCBD-43CD92D067B8}.Release|Any CPU.Build.0 = Release|Any CPU
	EndGlobalSection
	GlobalSection(SolutionProperties) = preSolution
		HideSolutionNode = FALSE
	EndGlobalSection
	GlobalSection(ExtensibilityGlobals) = postSolution
		SolutionGuid = {A9986521-F80B-46CF-ACA7-FC4218267A7F}
	EndGlobalSection
EndGlobal
